
Microsoft Visual Studio Solution File, Format Version 12.00
# Visual Studio Version 17
VisualStudioVersion = 17.11.35327.3
MinimumVisualStudioVersion = 10.0.40219.1
Project("{FAE04EC0-301F-11D3-BF4B-00C04F79EFBC}") = "Scheduler", "Scheduler.csproj", "{40B41247-518B-44C8-B87A-F1CA25EE1E29}"
EndProject
Global
	GlobalSection(SolutionConfigurationPlatforms) = preSolution
		Debug|Any CPU = Debug|Any CPU
		Release|Any CPU = Release|Any CPU
	EndGlobalSection
	GlobalSection(ProjectConfigurationPlatforms) = postSolution
		{40B41247-518B-44C8-B87A-F1CA25EE1E29}.Debug|Any CPU.ActiveCfg = Debug|Any CPU
		{40B41247-518B-44C8-B87A-F1CA25EE1E29}.Debug|Any CPU.Build.0 = Debug|Any CPU
		{40B41247-518B-44C8-B87A-F1CA25EE1E29}.Release|Any CPU.ActiveCfg = Release|Any CPU
		{40B41247-518B-44C8-B87A-F1CA25EE1E29}.Release|Any CPU.Build.0 = Release|Any CPU
	EndGlobalSection
	GlobalSection(SolutionProperties) = preSolution
		HideSolutionNode = FALSE
	EndGlobalSection
	GlobalSection(ExtensibilityGlobals) = postSolution
		SolutionGuid = {4A535714-2D58-4086-A20B-4A4CF51EDAD2}
	EndGlobalSection
EndGlobal
